
Microsoft Visual Studio Solution File, Format Version 12.00
# Visual Studio 15
VisualStudioVersion = 15.0.27004.2009
MinimumVisualStudioVersion = 10.0.40219.1
Project("{FAE04EC0-301F-11D3-BF4B-00C04F79EFBC}") = "Arrays", "Arrays\Arrays.csproj", "{5E3BB700-E142-4D8C-B7CA-8132A2D39724}"
EndProject
Global
	GlobalSection(SolutionConfigurationPlatforms) = preSolution
		Debug|Any CPU = Debug|Any CPU
		Release|Any CPU = Release|Any CPU
	EndGlobalSection
	GlobalSection(ProjectConfigurationPlatforms) = postSolution
		{5E3BB700-E142-4D8C-B7CA-8132A2D39724}.Debug|Any CPU.ActiveCfg = Debug|Any CPU
		{5E3BB700-E142-4D8C-B7CA-8132A2D39724}.Debug|Any CPU.Build.0 = Debug|Any CPU
		{5E3BB700-E142-4D8C-B7CA-8132A2D39724}.Release|Any CPU.ActiveCfg = Release|Any CPU
		{5E3BB700-E142-4D8C-B7CA-8132A2D39724}.Release|Any CPU.Build.0 = Release|Any CPU
	EndGlobalSection
	GlobalSection(SolutionProperties) = preSolution
		HideSolutionNode = FALSE
	EndGlobalSection
	GlobalSection(ExtensibilityGlobals) = postSolution
		SolutionGuid = {760C570A-CBE8-4096-BB67-D826B65A268D}
	EndGlobalSection
EndGlobal
